// !$*UTF8*$!
{
	archiveVersion = 1;
	classes = {
	};
	objectVersion = 46;
	objects = {

/* Begin PBXBuildFile section */
		16C4D2BEC24C8620CEBA6F66 /* Pods_SensoramaTests.framework in Frameworks */ = {isa = PBXBuildFile; fileRef = 8B8E490AAE9A3116E655C955 /* Pods_SensoramaTests.framework */; };
		5700D5DD1C85A0C6009405AC /* RecordViewController.m in Sources */ = {isa = PBXBuildFile; fileRef = 5700D5DC1C85A0C6009405AC /* RecordViewController.m */; };
		5700D5E01C85A35B009405AC /* SRUtils.m in Sources */ = {isa = PBXBuildFile; fileRef = 5700D5DF1C85A35B009405AC /* SRUtils.m */; };
		570103361C781954005BA5C6 /* SensoramaVars.h in CopyFiles */ = {isa = PBXBuildFile; fileRef = 570103341C78171C005BA5C6 /* SensoramaVars.h */; };
		5735A33A1C92B83D0076F979 /* SRDataFileExporterS3.m in Sources */ = {isa = PBXBuildFile; fileRef = 5735A3391C92B83D0076F979 /* SRDataFileExporterS3.m */; };
		5758699F1CF14F3D0015C791 /* SRDataFileExporterMailgun.m in Sources */ = {isa = PBXBuildFile; fileRef = 5758699E1CF14F3D0015C791 /* SRDataFileExporterMailgun.m */; };
		57587A791D06B1700010DCD0 /* FontAwesome.ttf in Resources */ = {isa = PBXBuildFile; fileRef = 57587A781D06B1700010DCD0 /* FontAwesome.ttf */; };
		577366AC1CEECBC00044C4CC /* SRDataFileSerializeMPBZ2.m in Sources */ = {isa = PBXBuildFile; fileRef = 577366AB1CEECBC00044C4CC /* SRDataFileSerializeMPBZ2.m */; };
		577366AF1CEECD890044C4CC /* SRDataFileSerializeBSONBZ2.m in Sources */ = {isa = PBXBuildFile; fileRef = 577366AE1CEECD890044C4CC /* SRDataFileSerializeBSONBZ2.m */; };
		577A2B821C9953BC00B2D890 /* SRAuth.m in Sources */ = {isa = PBXBuildFile; fileRef = 577A2B811C9953BC00B2D890 /* SRAuth.m */; };
		577A4B801CCB5FCB00FA6E7D /* SRDataPoint.m in Sources */ = {isa = PBXBuildFile; fileRef = 577A4B7F1CCB5FCB00FA6E7D /* SRDataPoint.m */; };
		577A4B821CCC65FE00FA6E7D /* PodsTests.m in Sources */ = {isa = PBXBuildFile; fileRef = 577A4B811CCC65FE00FA6E7D /* PodsTests.m */; };
		577A4B871CCC6F9200FA6E7D /* SRDataFile.m in Sources */ = {isa = PBXBuildFile; fileRef = 577A4B861CCC6F9200FA6E7D /* SRDataFile.m */; };
		577A4B8A1CCC82EF00FA6E7D /* SRDataStore.m in Sources */ = {isa = PBXBuildFile; fileRef = 577A4B891CCC82EF00FA6E7D /* SRDataStore.m */; };
		577DBB7C1CFEC7920034C1EA /* WhisperBridge.swift in Sources */ = {isa = PBXBuildFile; fileRef = 577DBB7B1CFEC7920034C1EA /* WhisperBridge.swift */; };
		577DC8F81C4CB0E700FA02B7 /* main.m in Sources */ = {isa = PBXBuildFile; fileRef = 577DC8F71C4CB0E700FA02B7 /* main.m */; };
		577DC8FB1C4CB0E700FA02B7 /* AppDelegate.m in Sources */ = {isa = PBXBuildFile; fileRef = 577DC8FA1C4CB0E700FA02B7 /* AppDelegate.m */; };
		577DC9011C4CB0E700FA02B7 /* Main.storyboard in Resources */ = {isa = PBXBuildFile; fileRef = 577DC8FF1C4CB0E700FA02B7 /* Main.storyboard */; };
		577DC9031C4CB0E700FA02B7 /* Assets.xcassets in Resources */ = {isa = PBXBuildFile; fileRef = 577DC9021C4CB0E700FA02B7 /* Assets.xcassets */; };
		577DC9061C4CB0E700FA02B7 /* LaunchScreen.storyboard in Resources */ = {isa = PBXBuildFile; fileRef = 577DC9041C4CB0E700FA02B7 /* LaunchScreen.storyboard */; };
		577DC9111C4CB0E700FA02B7 /* SensoramaTests.m in Sources */ = {isa = PBXBuildFile; fileRef = 577DC9101C4CB0E700FA02B7 /* SensoramaTests.m */; };
		577DC91C1C4CB0E700FA02B7 /* SensoramaUITests.m in Sources */ = {isa = PBXBuildFile; fileRef = 577DC91B1C4CB0E700FA02B7 /* SensoramaUITests.m */; };
		5795E1C11CED9E5200E62599 /* SRDataFileSerializerJSONBZ2.m in Sources */ = {isa = PBXBuildFile; fileRef = 5795E1BF1CED9E5200E62599 /* SRDataFileSerializerJSONBZ2.m */; };
		5797A3781D2E179E00B13CB2 /* Settings.bundle in Resources */ = {isa = PBXBuildFile; fileRef = 5797A3771D2E179E00B13CB2 /* Settings.bundle */; };
		579B6CE51CD3411E0011759B /* ActivityViewController.m in Sources */ = {isa = PBXBuildFile; fileRef = 579B6CE41CD3411E0011759B /* ActivityViewController.m */; };
		579F210F1D0415E5002E42F4 /* FrequencyViewController.m in Sources */ = {isa = PBXBuildFile; fileRef = 579F210E1D0415E5002E42F4 /* FrequencyViewController.m */; };
		579FAB551C86B56200E06DF9 /* FilesTableViewController.m in Sources */ = {isa = PBXBuildFile; fileRef = 579FAB541C86B56200E06DF9 /* FilesTableViewController.m */; };
		579FAB581C86B57400E06DF9 /* SettingsTableViewController.m in Sources */ = {isa = PBXBuildFile; fileRef = 579FAB571C86B57400E06DF9 /* SettingsTableViewController.m */; };
		579FAB5E1C86F64F00E06DF9 /* SRUsageStats.m in Sources */ = {isa = PBXBuildFile; fileRef = 579FAB5D1C86F64F00E06DF9 /* SRUsageStats.m */; };
		579FAB611C86FAA700E06DF9 /* AboutViewController.m in Sources */ = {isa = PBXBuildFile; fileRef = 579FAB601C86FAA600E06DF9 /* AboutViewController.m */; };
		579FAB641C86FABC00E06DF9 /* PrivacyViewController.m in Sources */ = {isa = PBXBuildFile; fileRef = 579FAB631C86FABC00E06DF9 /* PrivacyViewController.m */; };
		57ADDAFE1D8A745800CDD729 /* FilesDetailTableViewController.m in Sources */ = {isa = PBXBuildFile; fileRef = 57ADDAFD1D8A745800CDD729 /* FilesDetailTableViewController.m */; };
		57B11EEB1CA922EF00B389EF /* contrib in Resources */ = {isa = PBXBuildFile; fileRef = 57B11EEA1CA922EF00B389EF /* contrib */; };
		57DA1C821DA25246003E6DD2 /* SensoramaScreenshots.swift in Sources */ = {isa = PBXBuildFile; fileRef = 57DA1C811DA25246003E6DD2 /* SensoramaScreenshots.swift */; };
		57DA1C8A1DA2527C003E6DD2 /* SnapshotHelper.swift in Sources */ = {isa = PBXBuildFile; fileRef = 57DA1C891DA2527C003E6DD2 /* SnapshotHelper.swift */; };
		57DA722A1D86404E00C7AFC3 /* Sensorama.plist in Resources */ = {isa = PBXBuildFile; fileRef = 57DA72291D86404E00C7AFC3 /* Sensorama.plist */; };
		57EC5FF01C87F5CA00243893 /* SREngine.m in Sources */ = {isa = PBXBuildFile; fileRef = 57EC5FEF1C87F5CA00243893 /* SREngine.m */; };
		57EC5FF31C88000C00243893 /* SRCfg.m in Sources */ = {isa = PBXBuildFile; fileRef = 57EC5FF21C88000C00243893 /* SRCfg.m */; };
		57EC5FFD1C89650D00243893 /* SensoramaTabBarController.m in Sources */ = {isa = PBXBuildFile; fileRef = 57EC5FFC1C89650D00243893 /* SensoramaTabBarController.m */; };
		C8C4CF2585F13EC7079DD48C /* Pods_SensoramaUITests.framework in Frameworks */ = {isa = PBXBuildFile; fileRef = 38C66B30E44C9C36CD67F5F9 /* Pods_SensoramaUITests.framework */; };
		F9B52F8653FF22073FDB6E14 /* Pods_Sensorama.framework in Frameworks */ = {isa = PBXBuildFile; fileRef = A2BC0FB61FA756607F9CF2A3 /* Pods_Sensorama.framework */; };
/* End PBXBuildFile section */

/* Begin PBXContainerItemProxy section */
		577DC90D1C4CB0E700FA02B7 /* PBXContainerItemProxy */ = {
			isa = PBXContainerItemProxy;
			containerPortal = 577DC8EB1C4CB0E600FA02B7 /* Project object */;
			proxyType = 1;
			remoteGlobalIDString = 577DC8F21C4CB0E700FA02B7;
			remoteInfo = Sensorama;
		};
		577DC9181C4CB0E700FA02B7 /* PBXContainerItemProxy */ = {
			isa = PBXContainerItemProxy;
			containerPortal = 577DC8EB1C4CB0E600FA02B7 /* Project object */;
			proxyType = 1;
			remoteGlobalIDString = 577DC8F21C4CB0E700FA02B7;
			remoteInfo = Sensorama;
		};
		57DA1C841DA25246003E6DD2 /* PBXContainerItemProxy */ = {
			isa = PBXContainerItemProxy;
			containerPortal = 577DC8EB1C4CB0E600FA02B7 /* Project object */;
			proxyType = 1;
			remoteGlobalIDString = 577DC8F21C4CB0E700FA02B7;
			remoteInfo = Sensorama;
		};
/* End PBXContainerItemProxy section */

/* Begin PBXCopyFilesBuildPhase section */
		570103331C771B98005BA5C6 /* CopyFiles */ = {
			isa = PBXCopyFilesBuildPhase;
			buildActionMask = 2147483647;
			dstPath = "";
			dstSubfolderSpec = 7;
			files = (
				570103361C781954005BA5C6 /* SensoramaVars.h in CopyFiles */,
			);
			runOnlyForDeploymentPostprocessing = 0;
		};
/* End PBXCopyFilesBuildPhase section */

/* Begin PBXFileReference section */
		128680184B9E10D578F7036F /* Pods-Sensorama.release.xcconfig */ = {isa = PBXFileReference; includeInIndex = 1; lastKnownFileType = text.xcconfig; name = "Pods-Sensorama.release.xcconfig"; path = "Pods/Target Support Files/Pods-Sensorama/Pods-Sensorama.release.xcconfig"; sourceTree = "<group>"; };
		14D2D52FEFE6F52AD8E15623 /* Pods.framework */ = {isa = PBXFileReference; explicitFileType = wrapper.framework; includeInIndex = 0; path = Pods.framework; sourceTree = BUILT_PRODUCTS_DIR; };
		38C66B30E44C9C36CD67F5F9 /* Pods_SensoramaUITests.framework */ = {isa = PBXFileReference; explicitFileType = wrapper.framework; includeInIndex = 0; path = Pods_SensoramaUITests.framework; sourceTree = BUILT_PRODUCTS_DIR; };
		420EC43AAA7D2F2D5935820C /* Pods-SensoramaTests.release.xcconfig */ = {isa = PBXFileReference; includeInIndex = 1; lastKnownFileType = text.xcconfig; name = "Pods-SensoramaTests.release.xcconfig"; path = "Pods/Target Support Files/Pods-SensoramaTests/Pods-SensoramaTests.release.xcconfig"; sourceTree = "<group>"; };
		5700D5DB1C85A0C6009405AC /* RecordViewController.h */ = {isa = PBXFileReference; fileEncoding = 4; lastKnownFileType = sourcecode.c.h; path = RecordViewController.h; sourceTree = "<group>"; };
		5700D5DC1C85A0C6009405AC /* RecordViewController.m */ = {isa = PBXFileReference; fileEncoding = 4; lastKnownFileType = sourcecode.c.objc; path = RecordViewController.m; sourceTree = "<group>"; };
		5700D5DE1C85A35B009405AC /* SRUtils.h */ = {isa = PBXFileReference; fileEncoding = 4; lastKnownFileType = sourcecode.c.h; path = SRUtils.h; sourceTree = "<group>"; };
		5700D5DF1C85A35B009405AC /* SRUtils.m */ = {isa = PBXFileReference; fileEncoding = 4; lastKnownFileType = sourcecode.c.objc; path = SRUtils.m; sourceTree = "<group>"; };
		570103341C78171C005BA5C6 /* SensoramaVars.h */ = {isa = PBXFileReference; lastKnownFileType = sourcecode.c.h; path = SensoramaVars.h; sourceTree = "<group>"; };
		5735A3381C92B83D0076F979 /* SRDataFileExporterS3.h */ = {isa = PBXFileReference; fileEncoding = 4; lastKnownFileType = sourcecode.c.h; path = SRDataFileExporterS3.h; sourceTree = "<group>"; };
		5735A3391C92B83D0076F979 /* SRDataFileExporterS3.m */ = {isa = PBXFileReference; fileEncoding = 4; lastKnownFileType = sourcecode.c.objc; path = SRDataFileExporterS3.m; sourceTree = "<group>"; };
		57422FFE1CB9F1F9009C4DF6 /* SRDebug.h */ = {isa = PBXFileReference; lastKnownFileType = sourcecode.c.h; path = SRDebug.h; sourceTree = "<group>"; };
		5751BF611D98CF1F00A15557 /* Sensorama.entitlements */ = {isa = PBXFileReference; lastKnownFileType = text.plist.entitlements; path = Sensorama.entitlements; sourceTree = "<group>"; };
		5758699D1CF14F3D0015C791 /* SRDataFileExporterMailgun.h */ = {isa = PBXFileReference; fileEncoding = 4; lastKnownFileType = sourcecode.c.h; path = SRDataFileExporterMailgun.h; sourceTree = "<group>"; };
		5758699E1CF14F3D0015C791 /* SRDataFileExporterMailgun.m */ = {isa = PBXFileReference; fileEncoding = 4; lastKnownFileType = sourcecode.c.objc; path = SRDataFileExporterMailgun.m; sourceTree = "<group>"; };
		57587A761D06AC830010DCD0 /* FontAwesome_iOS.framework */ = {isa = PBXFileReference; lastKnownFileType = wrapper.framework; name = FontAwesome_iOS.framework; path = "../../../../Users/wk/Library/Developer/Xcode/DerivedData/Sensorama-exycbqmwaecqkudjzuzfrlpolovg/Build/Products/Debug-iphonesimulator/FontAwesome_iOS.framework"; sourceTree = "<group>"; };
		57587A781D06B1700010DCD0 /* FontAwesome.ttf */ = {isa = PBXFileReference; lastKnownFileType = file; name = FontAwesome.ttf; path = "../Pods/FontAwesome+iOS/Resources/FontAwesome.ttf"; sourceTree = "<group>"; };
		577366AA1CEECBC00044C4CC /* SRDataFileSerializeMPBZ2.h */ = {isa = PBXFileReference; fileEncoding = 4; lastKnownFileType = sourcecode.c.h; path = SRDataFileSerializeMPBZ2.h; sourceTree = "<group>"; };
		577366AB1CEECBC00044C4CC /* SRDataFileSerializeMPBZ2.m */ = {isa = PBXFileReference; fileEncoding = 4; lastKnownFileType = sourcecode.c.objc; path = SRDataFileSerializeMPBZ2.m; sourceTree = "<group>"; };
		577366AD1CEECD890044C4CC /* SRDataFileSerializeBSONBZ2.h */ = {isa = PBXFileReference; fileEncoding = 4; lastKnownFileType = sourcecode.c.h; path = SRDataFileSerializeBSONBZ2.h; sourceTree = "<group>"; };
		577366AE1CEECD890044C4CC /* SRDataFileSerializeBSONBZ2.m */ = {isa = PBXFileReference; fileEncoding = 4; lastKnownFileType = sourcecode.c.objc; path = SRDataFileSerializeBSONBZ2.m; sourceTree = "<group>"; };
		577A2B801C9953BC00B2D890 /* SRAuth.h */ = {isa = PBXFileReference; fileEncoding = 4; lastKnownFileType = sourcecode.c.h; path = SRAuth.h; sourceTree = "<group>"; };
		577A2B811C9953BC00B2D890 /* SRAuth.m */ = {isa = PBXFileReference; fileEncoding = 4; lastKnownFileType = sourcecode.c.objc; path = SRAuth.m; sourceTree = "<group>"; };
		577A4B7E1CCB5FCB00FA6E7D /* SRDataPoint.h */ = {isa = PBXFileReference; fileEncoding = 4; lastKnownFileType = sourcecode.c.h; path = SRDataPoint.h; sourceTree = "<group>"; };
		577A4B7F1CCB5FCB00FA6E7D /* SRDataPoint.m */ = {isa = PBXFileReference; fileEncoding = 4; lastKnownFileType = sourcecode.c.objc; path = SRDataPoint.m; sourceTree = "<group>"; };
		577A4B811CCC65FE00FA6E7D /* PodsTests.m */ = {isa = PBXFileReference; fileEncoding = 4; lastKnownFileType = sourcecode.c.objc; path = PodsTests.m; sourceTree = "<group>"; };
		577A4B841CCC6D9000FA6E7D /* SRUnitTestLoop.h */ = {isa = PBXFileReference; lastKnownFileType = sourcecode.c.h; path = SRUnitTestLoop.h; sourceTree = "<group>"; };
		577A4B851CCC6F9200FA6E7D /* SRDataFile.h */ = {isa = PBXFileReference; fileEncoding = 4; lastKnownFileType = sourcecode.c.h; path = SRDataFile.h; sourceTree = "<group>"; };
		577A4B861CCC6F9200FA6E7D /* SRDataFile.m */ = {isa = PBXFileReference; fileEncoding = 4; lastKnownFileType = sourcecode.c.objc; path = SRDataFile.m; sourceTree = "<group>"; };
		577A4B881CCC82EF00FA6E7D /* SRDataStore.h */ = {isa = PBXFileReference; fileEncoding = 4; lastKnownFileType = sourcecode.c.h; path = SRDataStore.h; sourceTree = "<group>"; };
		577A4B891CCC82EF00FA6E7D /* SRDataStore.m */ = {isa = PBXFileReference; fileEncoding = 4; lastKnownFileType = sourcecode.c.objc; path = SRDataStore.m; sourceTree = "<group>"; };
		577DBB7A1CFEC7920034C1EA /* Sensorama-Bridging-Header.h */ = {isa = PBXFileReference; lastKnownFileType = sourcecode.c.h; path = "Sensorama-Bridging-Header.h"; sourceTree = "<group>"; };
		577DBB7B1CFEC7920034C1EA /* WhisperBridge.swift */ = {isa = PBXFileReference; fileEncoding = 4; lastKnownFileType = sourcecode.swift; path = WhisperBridge.swift; sourceTree = "<group>"; };
		577DC8F31C4CB0E700FA02B7 /* Sensorama.app */ = {isa = PBXFileReference; explicitFileType = wrapper.application; includeInIndex = 0; path = Sensorama.app; sourceTree = BUILT_PRODUCTS_DIR; };
		577DC8F71C4CB0E700FA02B7 /* main.m */ = {isa = PBXFileReference; lastKnownFileType = sourcecode.c.objc; path = main.m; sourceTree = "<group>"; };
		577DC8F91C4CB0E700FA02B7 /* AppDelegate.h */ = {isa = PBXFileReference; lastKnownFileType = sourcecode.c.h; path = AppDelegate.h; sourceTree = "<group>"; };
		577DC8FA1C4CB0E700FA02B7 /* AppDelegate.m */ = {isa = PBXFileReference; lastKnownFileType = sourcecode.c.objc; path = AppDelegate.m; sourceTree = "<group>"; };
		577DC9001C4CB0E700FA02B7 /* Base */ = {isa = PBXFileReference; lastKnownFileType = file.storyboard; name = Base; path = Base.lproj/Main.storyboard; sourceTree = "<group>"; };
		577DC9021C4CB0E700FA02B7 /* Assets.xcassets */ = {isa = PBXFileReference; lastKnownFileType = folder.assetcatalog; path = Assets.xcassets; sourceTree = "<group>"; };
		577DC9051C4CB0E700FA02B7 /* Base */ = {isa = PBXFileReference; lastKnownFileType = file.storyboard; name = Base; path = Base.lproj/LaunchScreen.storyboard; sourceTree = "<group>"; };
		577DC9071C4CB0E700FA02B7 /* Info.plist */ = {isa = PBXFileReference; lastKnownFileType = text.plist.xml; path = Info.plist; sourceTree = "<group>"; };
		577DC90C1C4CB0E700FA02B7 /* SensoramaTests.xctest */ = {isa = PBXFileReference; explicitFileType = wrapper.cfbundle; includeInIndex = 0; path = SensoramaTests.xctest; sourceTree = BUILT_PRODUCTS_DIR; };
		577DC9101C4CB0E700FA02B7 /* SensoramaTests.m */ = {isa = PBXFileReference; lastKnownFileType = sourcecode.c.objc; path = SensoramaTests.m; sourceTree = "<group>"; };
		577DC9121C4CB0E700FA02B7 /* Info.plist */ = {isa = PBXFileReference; lastKnownFileType = text.plist.xml; path = Info.plist; sourceTree = "<group>"; };
		577DC9171C4CB0E700FA02B7 /* SensoramaUITests.xctest */ = {isa = PBXFileReference; explicitFileType = wrapper.cfbundle; includeInIndex = 0; path = SensoramaUITests.xctest; sourceTree = BUILT_PRODUCTS_DIR; };
		577DC91B1C4CB0E700FA02B7 /* SensoramaUITests.m */ = {isa = PBXFileReference; lastKnownFileType = sourcecode.c.objc; path = SensoramaUITests.m; sourceTree = "<group>"; };
		577DC91D1C4CB0E700FA02B7 /* Info.plist */ = {isa = PBXFileReference; lastKnownFileType = text.plist.xml; path = Info.plist; sourceTree = "<group>"; };
		5795E1BE1CED9E5200E62599 /* SRDataFileSerializerJSONBZ2.h */ = {isa = PBXFileReference; fileEncoding = 4; lastKnownFileType = sourcecode.c.h; path = SRDataFileSerializerJSONBZ2.h; sourceTree = "<group>"; };
		5795E1BF1CED9E5200E62599 /* SRDataFileSerializerJSONBZ2.m */ = {isa = PBXFileReference; fileEncoding = 4; lastKnownFileType = sourcecode.c.objc; path = SRDataFileSerializerJSONBZ2.m; sourceTree = "<group>"; };
		5797A3771D2E179E00B13CB2 /* Settings.bundle */ = {isa = PBXFileReference; lastKnownFileType = "wrapper.plug-in"; path = Settings.bundle; sourceTree = "<group>"; };
		579B6CE31CD3411E0011759B /* ActivityViewController.h */ = {isa = PBXFileReference; fileEncoding = 4; lastKnownFileType = sourcecode.c.h; path = ActivityViewController.h; sourceTree = "<group>"; };
		579B6CE41CD3411E0011759B /* ActivityViewController.m */ = {isa = PBXFileReference; fileEncoding = 4; lastKnownFileType = sourcecode.c.objc; path = ActivityViewController.m; sourceTree = "<group>"; };
		579F210D1D0415E5002E42F4 /* FrequencyViewController.h */ = {isa = PBXFileReference; fileEncoding = 4; lastKnownFileType = sourcecode.c.h; path = FrequencyViewController.h; sourceTree = "<group>"; };
		579F210E1D0415E5002E42F4 /* FrequencyViewController.m */ = {isa = PBXFileReference; fileEncoding = 4; lastKnownFileType = sourcecode.c.objc; path = FrequencyViewController.m; sourceTree = "<group>"; };
		579FAB531C86B56200E06DF9 /* FilesTableViewController.h */ = {isa = PBXFileReference; fileEncoding = 4; lastKnownFileType = sourcecode.c.h; path = FilesTableViewController.h; sourceTree = "<group>"; };
		579FAB541C86B56200E06DF9 /* FilesTableViewController.m */ = {isa = PBXFileReference; fileEncoding = 4; lastKnownFileType = sourcecode.c.objc; path = FilesTableViewController.m; sourceTree = "<group>"; };
		579FAB561C86B57400E06DF9 /* SettingsTableViewController.h */ = {isa = PBXFileReference; fileEncoding = 4; lastKnownFileType = sourcecode.c.h; path = SettingsTableViewController.h; sourceTree = "<group>"; };
		579FAB571C86B57400E06DF9 /* SettingsTableViewController.m */ = {isa = PBXFileReference; fileEncoding = 4; lastKnownFileType = sourcecode.c.objc; path = SettingsTableViewController.m; sourceTree = "<group>"; };
		579FAB5C1C86F64F00E06DF9 /* SRUsageStats.h */ = {isa = PBXFileReference; fileEncoding = 4; lastKnownFileType = sourcecode.c.h; path = SRUsageStats.h; sourceTree = "<group>"; };
		579FAB5D1C86F64F00E06DF9 /* SRUsageStats.m */ = {isa = PBXFileReference; fileEncoding = 4; lastKnownFileType = sourcecode.c.objc; path = SRUsageStats.m; sourceTree = "<group>"; };
		579FAB5F1C86FAA600E06DF9 /* AboutViewController.h */ = {isa = PBXFileReference; fileEncoding = 4; lastKnownFileType = sourcecode.c.h; path = AboutViewController.h; sourceTree = "<group>"; };
		579FAB601C86FAA600E06DF9 /* AboutViewController.m */ = {isa = PBXFileReference; fileEncoding = 4; lastKnownFileType = sourcecode.c.objc; path = AboutViewController.m; sourceTree = "<group>"; };
		579FAB621C86FABC00E06DF9 /* PrivacyViewController.h */ = {isa = PBXFileReference; fileEncoding = 4; lastKnownFileType = sourcecode.c.h; path = PrivacyViewController.h; sourceTree = "<group>"; };
		579FAB631C86FABC00E06DF9 /* PrivacyViewController.m */ = {isa = PBXFileReference; fileEncoding = 4; lastKnownFileType = sourcecode.c.objc; path = PrivacyViewController.m; sourceTree = "<group>"; };
		57ADDAFC1D8A745800CDD729 /* FilesDetailTableViewController.h */ = {isa = PBXFileReference; fileEncoding = 4; lastKnownFileType = sourcecode.c.h; path = FilesDetailTableViewController.h; sourceTree = "<group>"; };
		57ADDAFD1D8A745800CDD729 /* FilesDetailTableViewController.m */ = {isa = PBXFileReference; fileEncoding = 4; lastKnownFileType = sourcecode.c.objc; path = FilesDetailTableViewController.m; sourceTree = "<group>"; };
		57B11EEA1CA922EF00B389EF /* contrib */ = {isa = PBXFileReference; lastKnownFileType = folder; path = contrib; sourceTree = SOURCE_ROOT; };
		57DA1C7F1DA25246003E6DD2 /* SensoramaScreenshots.xctest */ = {isa = PBXFileReference; explicitFileType = wrapper.cfbundle; includeInIndex = 0; path = SensoramaScreenshots.xctest; sourceTree = BUILT_PRODUCTS_DIR; };
		57DA1C811DA25246003E6DD2 /* SensoramaScreenshots.swift */ = {isa = PBXFileReference; lastKnownFileType = sourcecode.swift; path = SensoramaScreenshots.swift; sourceTree = "<group>"; };
		57DA1C831DA25246003E6DD2 /* Info.plist */ = {isa = PBXFileReference; lastKnownFileType = text.plist.xml; path = Info.plist; sourceTree = "<group>"; };
		57DA1C891DA2527C003E6DD2 /* SnapshotHelper.swift */ = {isa = PBXFileReference; fileEncoding = 4; lastKnownFileType = sourcecode.swift; name = SnapshotHelper.swift; path = fastlane/SnapshotHelper.swift; sourceTree = SOURCE_ROOT; };
		57DA72291D86404E00C7AFC3 /* Sensorama.plist */ = {isa = PBXFileReference; fileEncoding = 4; lastKnownFileType = text.plist.xml; name = Sensorama.plist; path = ../../assets/Sensorama.plist; sourceTree = "<group>"; };
		57EC5FEE1C87F5CA00243893 /* SREngine.h */ = {isa = PBXFileReference; fileEncoding = 4; lastKnownFileType = sourcecode.c.h; path = SREngine.h; sourceTree = "<group>"; };
		57EC5FEF1C87F5CA00243893 /* SREngine.m */ = {isa = PBXFileReference; fileEncoding = 4; lastKnownFileType = sourcecode.c.objc; path = SREngine.m; sourceTree = "<group>"; };
		57EC5FF11C88000C00243893 /* SRCfg.h */ = {isa = PBXFileReference; fileEncoding = 4; lastKnownFileType = sourcecode.c.h; path = SRCfg.h; sourceTree = "<group>"; };
		57EC5FF21C88000C00243893 /* SRCfg.m */ = {isa = PBXFileReference; fileEncoding = 4; lastKnownFileType = sourcecode.c.objc; path = SRCfg.m; sourceTree = "<group>"; };
		57EC5FFB1C89650D00243893 /* SensoramaTabBarController.h */ = {isa = PBXFileReference; fileEncoding = 4; lastKnownFileType = sourcecode.c.h; path = SensoramaTabBarController.h; sourceTree = "<group>"; };
		57EC5FFC1C89650D00243893 /* SensoramaTabBarController.m */ = {isa = PBXFileReference; fileEncoding = 4; lastKnownFileType = sourcecode.c.objc; path = SensoramaTabBarController.m; sourceTree = "<group>"; };
		6398FE9F54D5D2E732BED5AE /* Pods-SensoramaUITests.release.xcconfig */ = {isa = PBXFileReference; includeInIndex = 1; lastKnownFileType = text.xcconfig; name = "Pods-SensoramaUITests.release.xcconfig"; path = "Pods/Target Support Files/Pods-SensoramaUITests/Pods-SensoramaUITests.release.xcconfig"; sourceTree = "<group>"; };
		8B8E490AAE9A3116E655C955 /* Pods_SensoramaTests.framework */ = {isa = PBXFileReference; explicitFileType = wrapper.framework; includeInIndex = 0; path = Pods_SensoramaTests.framework; sourceTree = BUILT_PRODUCTS_DIR; };
		A2BC0FB61FA756607F9CF2A3 /* Pods_Sensorama.framework */ = {isa = PBXFileReference; explicitFileType = wrapper.framework; includeInIndex = 0; path = Pods_Sensorama.framework; sourceTree = BUILT_PRODUCTS_DIR; };
		C022F9F21E99B640F0679FC0 /* Pods-SensoramaUITests.debug.xcconfig */ = {isa = PBXFileReference; includeInIndex = 1; lastKnownFileType = text.xcconfig; name = "Pods-SensoramaUITests.debug.xcconfig"; path = "Pods/Target Support Files/Pods-SensoramaUITests/Pods-SensoramaUITests.debug.xcconfig"; sourceTree = "<group>"; };
		E1BDFEE3A90F35FFEA4112E0 /* Pods-SensoramaTests.debug.xcconfig */ = {isa = PBXFileReference; includeInIndex = 1; lastKnownFileType = text.xcconfig; name = "Pods-SensoramaTests.debug.xcconfig"; path = "Pods/Target Support Files/Pods-SensoramaTests/Pods-SensoramaTests.debug.xcconfig"; sourceTree = "<group>"; };
		E857729FD961FCB0B912B8F6 /* Pods-Sensorama.debug.xcconfig */ = {isa = PBXFileReference; includeInIndex = 1; lastKnownFileType = text.xcconfig; name = "Pods-Sensorama.debug.xcconfig"; path = "Pods/Target Support Files/Pods-Sensorama/Pods-Sensorama.debug.xcconfig"; sourceTree = "<group>"; };
/* End PBXFileReference section */

/* Begin PBXFrameworksBuildPhase section */
		577DC8F01C4CB0E700FA02B7 /* Frameworks */ = {
			isa = PBXFrameworksBuildPhase;
			buildActionMask = 2147483647;
			files = (
				F9B52F8653FF22073FDB6E14 /* Pods_Sensorama.framework in Frameworks */,
			);
			runOnlyForDeploymentPostprocessing = 0;
		};
		577DC9091C4CB0E700FA02B7 /* Frameworks */ = {
			isa = PBXFrameworksBuildPhase;
			buildActionMask = 2147483647;
			files = (
				16C4D2BEC24C8620CEBA6F66 /* Pods_SensoramaTests.framework in Frameworks */,
			);
			runOnlyForDeploymentPostprocessing = 0;
		};
		577DC9141C4CB0E700FA02B7 /* Frameworks */ = {
			isa = PBXFrameworksBuildPhase;
			buildActionMask = 2147483647;
			files = (
				C8C4CF2585F13EC7079DD48C /* Pods_SensoramaUITests.framework in Frameworks */,
			);
			runOnlyForDeploymentPostprocessing = 0;
		};
		57DA1C7C1DA25246003E6DD2 /* Frameworks */ = {
			isa = PBXFrameworksBuildPhase;
			buildActionMask = 2147483647;
			files = (
			);
			runOnlyForDeploymentPostprocessing = 0;
		};
/* End PBXFrameworksBuildPhase section */

/* Begin PBXGroup section */
		577A4B8B1CCC9D7E00FA6E7D /* Model */ = {
			isa = PBXGroup;
			children = (
				577A4B851CCC6F9200FA6E7D /* SRDataFile.h */,
				577A4B861CCC6F9200FA6E7D /* SRDataFile.m */,
				577A4B7E1CCB5FCB00FA6E7D /* SRDataPoint.h */,
				577A4B7F1CCB5FCB00FA6E7D /* SRDataPoint.m */,
				577A4B881CCC82EF00FA6E7D /* SRDataStore.h */,
				577A4B891CCC82EF00FA6E7D /* SRDataStore.m */,
				5795E1BE1CED9E5200E62599 /* SRDataFileSerializerJSONBZ2.h */,
				5795E1BF1CED9E5200E62599 /* SRDataFileSerializerJSONBZ2.m */,
				577366AA1CEECBC00044C4CC /* SRDataFileSerializeMPBZ2.h */,
				577366AB1CEECBC00044C4CC /* SRDataFileSerializeMPBZ2.m */,
				577366AD1CEECD890044C4CC /* SRDataFileSerializeBSONBZ2.h */,
				577366AE1CEECD890044C4CC /* SRDataFileSerializeBSONBZ2.m */,
				5735A3381C92B83D0076F979 /* SRDataFileExporterS3.h */,
				5735A3391C92B83D0076F979 /* SRDataFileExporterS3.m */,
				5758699D1CF14F3D0015C791 /* SRDataFileExporterMailgun.h */,
				5758699E1CF14F3D0015C791 /* SRDataFileExporterMailgun.m */,
			);
			name = Model;
			sourceTree = "<group>";
		};
		577A4B8C1CCD62AA00FA6E7D /* Core */ = {
			isa = PBXGroup;
			children = (
				57422FFE1CB9F1F9009C4DF6 /* SRDebug.h */,
				577A2B801C9953BC00B2D890 /* SRAuth.h */,
				577A2B811C9953BC00B2D890 /* SRAuth.m */,
				57EC5FEE1C87F5CA00243893 /* SREngine.h */,
				57EC5FEF1C87F5CA00243893 /* SREngine.m */,
				57EC5FF11C88000C00243893 /* SRCfg.h */,
				57EC5FF21C88000C00243893 /* SRCfg.m */,
				5700D5DE1C85A35B009405AC /* SRUtils.h */,
				5700D5DF1C85A35B009405AC /* SRUtils.m */,
			);
			name = Core;
			sourceTree = "<group>";
		};
		577DC8EA1C4CB0E600FA02B7 = {
			isa = PBXGroup;
			children = (
				577DC8F51C4CB0E700FA02B7 /* Sensorama */,
				577DC90F1C4CB0E700FA02B7 /* SensoramaTests */,
				577DC91A1C4CB0E700FA02B7 /* SensoramaUITests */,
				57DA1C801DA25246003E6DD2 /* SensoramaScreenshots */,
				577DC8F41C4CB0E700FA02B7 /* Products */,
				C9188546ED92D4026C0F8BA3 /* Frameworks */,
				C424D77877D924663579CCC2 /* Pods */,
			);
			sourceTree = "<group>";
		};
		577DC8F41C4CB0E700FA02B7 /* Products */ = {
			isa = PBXGroup;
			children = (
				577DC8F31C4CB0E700FA02B7 /* Sensorama.app */,
				577DC90C1C4CB0E700FA02B7 /* SensoramaTests.xctest */,
				577DC9171C4CB0E700FA02B7 /* SensoramaUITests.xctest */,
				57DA1C7F1DA25246003E6DD2 /* SensoramaScreenshots.xctest */,
			);
			name = Products;
			sourceTree = "<group>";
		};
		577DC8F51C4CB0E700FA02B7 /* Sensorama */ = {
			isa = PBXGroup;
			children = (
				577DC9041C4CB0E700FA02B7 /* LaunchScreen.storyboard */,
				577DC8FF1C4CB0E700FA02B7 /* Main.storyboard */,
				5751BF611D98CF1F00A15557 /* Sensorama.entitlements */,
				5797A3771D2E179E00B13CB2 /* Settings.bundle */,
				577DC8F61C4CB0E700FA02B7 /* Supporting Files */,
				577A4B8B1CCC9D7E00FA6E7D /* Model */,
				578EDD221CC7543C00BC62B5 /* Views */,
				577A4B8C1CCD62AA00FA6E7D /* Core */,
			);
			path = Sensorama;
			sourceTree = "<group>";
		};
		577DC8F61C4CB0E700FA02B7 /* Supporting Files */ = {
			isa = PBXGroup;
			children = (
				57DA72291D86404E00C7AFC3 /* Sensorama.plist */,
				57587A781D06B1700010DCD0 /* FontAwesome.ttf */,
				577DBB7B1CFEC7920034C1EA /* WhisperBridge.swift */,
				577DBB7A1CFEC7920034C1EA /* Sensorama-Bridging-Header.h */,
				57B11EEA1CA922EF00B389EF /* contrib */,
				577DC9021C4CB0E700FA02B7 /* Assets.xcassets */,
				577DC9071C4CB0E700FA02B7 /* Info.plist */,
				577DC8F71C4CB0E700FA02B7 /* main.m */,
				570103341C78171C005BA5C6 /* SensoramaVars.h */,
				577DC8F91C4CB0E700FA02B7 /* AppDelegate.h */,
				577DC8FA1C4CB0E700FA02B7 /* AppDelegate.m */,
				579FAB5C1C86F64F00E06DF9 /* SRUsageStats.h */,
				579FAB5D1C86F64F00E06DF9 /* SRUsageStats.m */,
			);
			name = "Supporting Files";
			sourceTree = "<group>";
		};
		577DC90F1C4CB0E700FA02B7 /* SensoramaTests */ = {
			isa = PBXGroup;
			children = (
				577DC9101C4CB0E700FA02B7 /* SensoramaTests.m */,
				577A4B811CCC65FE00FA6E7D /* PodsTests.m */,
				577A4B841CCC6D9000FA6E7D /* SRUnitTestLoop.h */,
				577DC9121C4CB0E700FA02B7 /* Info.plist */,
			);
			path = SensoramaTests;
			sourceTree = "<group>";
		};
		577DC91A1C4CB0E700FA02B7 /* SensoramaUITests */ = {
			isa = PBXGroup;
			children = (
				577DC91B1C4CB0E700FA02B7 /* SensoramaUITests.m */,
				577DC91D1C4CB0E700FA02B7 /* Info.plist */,
			);
			path = SensoramaUITests;
			sourceTree = "<group>";
		};
		578EDD221CC7543C00BC62B5 /* Views */ = {
			isa = PBXGroup;
			children = (
				57EC5FFB1C89650D00243893 /* SensoramaTabBarController.h */,
				57EC5FFC1C89650D00243893 /* SensoramaTabBarController.m */,
				5700D5DB1C85A0C6009405AC /* RecordViewController.h */,
				5700D5DC1C85A0C6009405AC /* RecordViewController.m */,
				579B6CE31CD3411E0011759B /* ActivityViewController.h */,
				579B6CE41CD3411E0011759B /* ActivityViewController.m */,
				579FAB531C86B56200E06DF9 /* FilesTableViewController.h */,
				579FAB541C86B56200E06DF9 /* FilesTableViewController.m */,
				57ADDAFC1D8A745800CDD729 /* FilesDetailTableViewController.h */,
				57ADDAFD1D8A745800CDD729 /* FilesDetailTableViewController.m */,
				579FAB5F1C86FAA600E06DF9 /* AboutViewController.h */,
				579FAB601C86FAA600E06DF9 /* AboutViewController.m */,
				579FAB561C86B57400E06DF9 /* SettingsTableViewController.h */,
				579FAB571C86B57400E06DF9 /* SettingsTableViewController.m */,
				579FAB621C86FABC00E06DF9 /* PrivacyViewController.h */,
				579FAB631C86FABC00E06DF9 /* PrivacyViewController.m */,
				579F210D1D0415E5002E42F4 /* FrequencyViewController.h */,
				579F210E1D0415E5002E42F4 /* FrequencyViewController.m */,
			);
			name = Views;
			sourceTree = "<group>";
		};
		57DA1C801DA25246003E6DD2 /* SensoramaScreenshots */ = {
			isa = PBXGroup;
			children = (
				57DA1C891DA2527C003E6DD2 /* SnapshotHelper.swift */,
				57DA1C811DA25246003E6DD2 /* SensoramaScreenshots.swift */,
				57DA1C831DA25246003E6DD2 /* Info.plist */,
			);
			path = SensoramaScreenshots;
			sourceTree = "<group>";
		};
		C424D77877D924663579CCC2 /* Pods */ = {
			isa = PBXGroup;
			children = (
				E857729FD961FCB0B912B8F6 /* Pods-Sensorama.debug.xcconfig */,
				128680184B9E10D578F7036F /* Pods-Sensorama.release.xcconfig */,
				E1BDFEE3A90F35FFEA4112E0 /* Pods-SensoramaTests.debug.xcconfig */,
				420EC43AAA7D2F2D5935820C /* Pods-SensoramaTests.release.xcconfig */,
				C022F9F21E99B640F0679FC0 /* Pods-SensoramaUITests.debug.xcconfig */,
				6398FE9F54D5D2E732BED5AE /* Pods-SensoramaUITests.release.xcconfig */,
			);
			name = Pods;
			sourceTree = "<group>";
		};
		C9188546ED92D4026C0F8BA3 /* Frameworks */ = {
			isa = PBXGroup;
			children = (
				57587A761D06AC830010DCD0 /* FontAwesome_iOS.framework */,
				14D2D52FEFE6F52AD8E15623 /* Pods.framework */,
				A2BC0FB61FA756607F9CF2A3 /* Pods_Sensorama.framework */,
				8B8E490AAE9A3116E655C955 /* Pods_SensoramaTests.framework */,
				38C66B30E44C9C36CD67F5F9 /* Pods_SensoramaUITests.framework */,
			);
			name = Frameworks;
			sourceTree = "<group>";
		};
/* End PBXGroup section */

/* Begin PBXNativeTarget section */
		577DC8F21C4CB0E700FA02B7 /* Sensorama */ = {
			isa = PBXNativeTarget;
			buildConfigurationList = 577DC9201C4CB0E700FA02B7 /* Build configuration list for PBXNativeTarget "Sensorama" */;
			buildPhases = (
				68FBF4C3CF7AF7A436F53E0B /* [CP] Check Pods Manifest.lock */,
				570103321C76EFAC005BA5C6 /* ShellScript */,
				570103331C771B98005BA5C6 /* CopyFiles */,
				577DC8EF1C4CB0E700FA02B7 /* Sources */,
				577DC8F01C4CB0E700FA02B7 /* Frameworks */,
				577DC8F11C4CB0E700FA02B7 /* Resources */,
				5782D4221C747FAB00627263 /* Run Script */,
				CAD49C5F8BEAEBF43866B17F /* [CP] Embed Pods Frameworks */,
				8B06740A6737D8128EA5D5B4 /* [CP] Copy Pods Resources */,
			);
			buildRules = (
			);
			dependencies = (
			);
			name = Sensorama;
			productName = Sensorama;
			productReference = 577DC8F31C4CB0E700FA02B7 /* Sensorama.app */;
			productType = "com.apple.product-type.application";
		};
		577DC90B1C4CB0E700FA02B7 /* SensoramaTests */ = {
			isa = PBXNativeTarget;
			buildConfigurationList = 577DC9231C4CB0E700FA02B7 /* Build configuration list for PBXNativeTarget "SensoramaTests" */;
			buildPhases = (
				E4BB00B2D5D5E5EE5AF7965E /* [CP] Check Pods Manifest.lock */,
				577DC9081C4CB0E700FA02B7 /* Sources */,
				577DC9091C4CB0E700FA02B7 /* Frameworks */,
				577DC90A1C4CB0E700FA02B7 /* Resources */,
				86DD60CBFFF356A330033E3F /* [CP] Embed Pods Frameworks */,
				5D1D6B29463AD1622ECCB0BB /* [CP] Copy Pods Resources */,
			);
			buildRules = (
			);
			dependencies = (
				577DC90E1C4CB0E700FA02B7 /* PBXTargetDependency */,
			);
			name = SensoramaTests;
			productName = SensoramaTests;
			productReference = 577DC90C1C4CB0E700FA02B7 /* SensoramaTests.xctest */;
			productType = "com.apple.product-type.bundle.unit-test";
		};
		577DC9161C4CB0E700FA02B7 /* SensoramaUITests */ = {
			isa = PBXNativeTarget;
			buildConfigurationList = 577DC9261C4CB0E700FA02B7 /* Build configuration list for PBXNativeTarget "SensoramaUITests" */;
			buildPhases = (
				461E23CCA266E56271378E40 /* [CP] Check Pods Manifest.lock */,
				577DC9131C4CB0E700FA02B7 /* Sources */,
				577DC9141C4CB0E700FA02B7 /* Frameworks */,
				577DC9151C4CB0E700FA02B7 /* Resources */,
				AA63156C0B57D5E50EC55687 /* [CP] Embed Pods Frameworks */,
				1DB0E4623F1C3AF67D28C1D3 /* [CP] Copy Pods Resources */,
			);
			buildRules = (
			);
			dependencies = (
				577DC9191C4CB0E700FA02B7 /* PBXTargetDependency */,
			);
			name = SensoramaUITests;
			productName = SensoramaUITests;
			productReference = 577DC9171C4CB0E700FA02B7 /* SensoramaUITests.xctest */;
			productType = "com.apple.product-type.bundle.ui-testing";
		};
		57DA1C7E1DA25246003E6DD2 /* SensoramaScreenshots */ = {
			isa = PBXNativeTarget;
			buildConfigurationList = 57DA1C881DA25246003E6DD2 /* Build configuration list for PBXNativeTarget "SensoramaScreenshots" */;
			buildPhases = (
				57DA1C7B1DA25246003E6DD2 /* Sources */,
				57DA1C7C1DA25246003E6DD2 /* Frameworks */,
				57DA1C7D1DA25246003E6DD2 /* Resources */,
			);
			buildRules = (
			);
			dependencies = (
				57DA1C851DA25246003E6DD2 /* PBXTargetDependency */,
			);
			name = SensoramaScreenshots;
			productName = SensoramaScreenshots;
			productReference = 57DA1C7F1DA25246003E6DD2 /* SensoramaScreenshots.xctest */;
			productType = "com.apple.product-type.bundle.ui-testing";
		};
/* End PBXNativeTarget section */

/* Begin PBXProject section */
		577DC8EB1C4CB0E600FA02B7 /* Project object */ = {
			isa = PBXProject;
			attributes = {
				LastSwiftUpdateCheck = 0800;
				LastUpgradeCheck = 0800;
				ORGANIZATIONNAME = "Wojciech Adam Koszek";
				TargetAttributes = {
					577DC8F21C4CB0E700FA02B7 = {
						CreatedOnToolsVersion = 7.2;
						DevelopmentTeam = QQ5A9Q7C7Z;
						LastSwiftMigration = 0800;
						SystemCapabilities = {
							com.apple.Keychain = {
								enabled = 1;
							};
						};
					};
					577DC90B1C4CB0E700FA02B7 = {
						CreatedOnToolsVersion = 7.2;
						DevelopmentTeam = 3DHC3EAFWW;
						TestTargetID = 577DC8F21C4CB0E700FA02B7;
					};
					577DC9161C4CB0E700FA02B7 = {
						CreatedOnToolsVersion = 7.2;
						DevelopmentTeam = 3DHC3EAFWW;
						TestTargetID = 577DC8F21C4CB0E700FA02B7;
					};
					57DA1C7E1DA25246003E6DD2 = {
						CreatedOnToolsVersion = 8.0;
						ProvisioningStyle = Automatic;
						TestTargetID = 577DC8F21C4CB0E700FA02B7;
					};
				};
			};
			buildConfigurationList = 577DC8EE1C4CB0E600FA02B7 /* Build configuration list for PBXProject "Sensorama" */;
			compatibilityVersion = "Xcode 3.2";
			developmentRegion = English;
			hasScannedForEncodings = 0;
			knownRegions = (
				en,
				Base,
			);
			mainGroup = 577DC8EA1C4CB0E600FA02B7;
			productRefGroup = 577DC8F41C4CB0E700FA02B7 /* Products */;
			projectDirPath = "";
			projectRoot = "";
			targets = (
				577DC8F21C4CB0E700FA02B7 /* Sensorama */,
				577DC90B1C4CB0E700FA02B7 /* SensoramaTests */,
				577DC9161C4CB0E700FA02B7 /* SensoramaUITests */,
				57DA1C7E1DA25246003E6DD2 /* SensoramaScreenshots */,
			);
		};
/* End PBXProject section */

/* Begin PBXResourcesBuildPhase section */
		577DC8F11C4CB0E700FA02B7 /* Resources */ = {
			isa = PBXResourcesBuildPhase;
			buildActionMask = 2147483647;
			files = (
				57587A791D06B1700010DCD0 /* FontAwesome.ttf in Resources */,
				57B11EEB1CA922EF00B389EF /* contrib in Resources */,
				577DC9061C4CB0E700FA02B7 /* LaunchScreen.storyboard in Resources */,
				577DC9031C4CB0E700FA02B7 /* Assets.xcassets in Resources */,
				5797A3781D2E179E00B13CB2 /* Settings.bundle in Resources */,
				577DC9011C4CB0E700FA02B7 /* Main.storyboard in Resources */,
				57DA722A1D86404E00C7AFC3 /* Sensorama.plist in Resources */,
			);
			runOnlyForDeploymentPostprocessing = 0;
		};
		577DC90A1C4CB0E700FA02B7 /* Resources */ = {
			isa = PBXResourcesBuildPhase;
			buildActionMask = 2147483647;
			files = (
			);
			runOnlyForDeploymentPostprocessing = 0;
		};
		577DC9151C4CB0E700FA02B7 /* Resources */ = {
			isa = PBXResourcesBuildPhase;
			buildActionMask = 2147483647;
			files = (
			);
			runOnlyForDeploymentPostprocessing = 0;
		};
		57DA1C7D1DA25246003E6DD2 /* Resources */ = {
			isa = PBXResourcesBuildPhase;
			buildActionMask = 2147483647;
			files = (
			);
			runOnlyForDeploymentPostprocessing = 0;
		};
/* End PBXResourcesBuildPhase section */

/* Begin PBXShellScriptBuildPhase section */
		1DB0E4623F1C3AF67D28C1D3 /* [CP] Copy Pods Resources */ = {
			isa = PBXShellScriptBuildPhase;
			buildActionMask = 2147483647;
			files = (
			);
			inputPaths = (
			);
			name = "[CP] Copy Pods Resources";
			outputPaths = (
			);
			runOnlyForDeploymentPostprocessing = 0;
			shellPath = /bin/sh;
			shellScript = "\"${SRCROOT}/Pods/Target Support Files/Pods-SensoramaUITests/Pods-SensoramaUITests-resources.sh\"\n";
			showEnvVarsInLog = 0;
		};
		461E23CCA266E56271378E40 /* [CP] Check Pods Manifest.lock */ = {
			isa = PBXShellScriptBuildPhase;
			buildActionMask = 2147483647;
			files = (
			);
			inputPaths = (
			);
			name = "[CP] Check Pods Manifest.lock";
			outputPaths = (
			);
			runOnlyForDeploymentPostprocessing = 0;
			shellPath = /bin/sh;
			shellScript = "diff \"${PODS_ROOT}/../Podfile.lock\" \"${PODS_ROOT}/Manifest.lock\" > /dev/null\nif [ $? != 0 ] ; then\n    # print error to STDERR\n    echo \"error: The sandbox is not in sync with the Podfile.lock. Run 'pod install' or update your CocoaPods installation.\" >&2\n    exit 1\nfi\n";
			showEnvVarsInLog = 0;
		};
		570103321C76EFAC005BA5C6 /* ShellScript */ = {
			isa = PBXShellScriptBuildPhase;
			buildActionMask = 2147483647;
			files = (
			);
			inputPaths = (
			);
			outputPaths = (
				"$(DERIVED_FILE_DIR)/SensoramaVars.h",
			);
			runOnlyForDeploymentPostprocessing = 0;
			shellPath = /bin/sh;
			shellScript = "pwd\n[ -e ~/.profile ] && source ~/.profile\n$(PWD)/../scripts/gen_files.sh > Sensorama/SensoramaVars.h";
		};
		5782D4221C747FAB00627263 /* Run Script */ = {
			isa = PBXShellScriptBuildPhase;
			buildActionMask = 2147483647;
			files = (
			);
			inputPaths = (
			);
			name = "Run Script";
			outputPaths = (
			);
			runOnlyForDeploymentPostprocessing = 0;
			shellPath = /bin/sh;
			shellScript = "echo \"SENSORAMA: -------------------\"\n[ -e ~/.profile ] && source ~/.profile\n\"${PODS_ROOT}\"/../../scripts/fabric.sh\n";
		};
		5D1D6B29463AD1622ECCB0BB /* [CP] Copy Pods Resources */ = {
			isa = PBXShellScriptBuildPhase;
			buildActionMask = 2147483647;
			files = (
			);
			inputPaths = (
			);
			name = "[CP] Copy Pods Resources";
			outputPaths = (
			);
			runOnlyForDeploymentPostprocessing = 0;
			shellPath = /bin/sh;
			shellScript = "\"${SRCROOT}/Pods/Target Support Files/Pods-SensoramaTests/Pods-SensoramaTests-resources.sh\"\n";
			showEnvVarsInLog = 0;
		};
		68FBF4C3CF7AF7A436F53E0B /* [CP] Check Pods Manifest.lock */ = {
			isa = PBXShellScriptBuildPhase;
			buildActionMask = 2147483647;
			files = (
			);
			inputPaths = (
			);
			name = "[CP] Check Pods Manifest.lock";
			outputPaths = (
			);
			runOnlyForDeploymentPostprocessing = 0;
			shellPath = /bin/sh;
			shellScript = "diff \"${PODS_ROOT}/../Podfile.lock\" \"${PODS_ROOT}/Manifest.lock\" > /dev/null\nif [ $? != 0 ] ; then\n    # print error to STDERR\n    echo \"error: The sandbox is not in sync with the Podfile.lock. Run 'pod install' or update your CocoaPods installation.\" >&2\n    exit 1\nfi\n";
			showEnvVarsInLog = 0;
		};
		86DD60CBFFF356A330033E3F /* [CP] Embed Pods Frameworks */ = {
			isa = PBXShellScriptBuildPhase;
			buildActionMask = 2147483647;
			files = (
			);
			inputPaths = (
			);
			name = "[CP] Embed Pods Frameworks";
			outputPaths = (
			);
			runOnlyForDeploymentPostprocessing = 0;
			shellPath = /bin/sh;
			shellScript = "\"${SRCROOT}/Pods/Target Support Files/Pods-SensoramaTests/Pods-SensoramaTests-frameworks.sh\"\n";
			showEnvVarsInLog = 0;
		};
		8B06740A6737D8128EA5D5B4 /* [CP] Copy Pods Resources */ = {
			isa = PBXShellScriptBuildPhase;
			buildActionMask = 2147483647;
			files = (
			);
			inputPaths = (
			);
			name = "[CP] Copy Pods Resources";
			outputPaths = (
			);
			runOnlyForDeploymentPostprocessing = 0;
			shellPath = /bin/sh;
			shellScript = "\"${SRCROOT}/Pods/Target Support Files/Pods-Sensorama/Pods-Sensorama-resources.sh\"\n";
			showEnvVarsInLog = 0;
		};
		AA63156C0B57D5E50EC55687 /* [CP] Embed Pods Frameworks */ = {
			isa = PBXShellScriptBuildPhase;
			buildActionMask = 2147483647;
			files = (
			);
			inputPaths = (
			);
			name = "[CP] Embed Pods Frameworks";
			outputPaths = (
			);
			runOnlyForDeploymentPostprocessing = 0;
			shellPath = /bin/sh;
			shellScript = "\"${SRCROOT}/Pods/Target Support Files/Pods-SensoramaUITests/Pods-SensoramaUITests-frameworks.sh\"\n";
			showEnvVarsInLog = 0;
		};
		CAD49C5F8BEAEBF43866B17F /* [CP] Embed Pods Frameworks */ = {
			isa = PBXShellScriptBuildPhase;
			buildActionMask = 2147483647;
			files = (
			);
			inputPaths = (
			);
			name = "[CP] Embed Pods Frameworks";
			outputPaths = (
			);
			runOnlyForDeploymentPostprocessing = 0;
			shellPath = /bin/sh;
			shellScript = "\"${SRCROOT}/Pods/Target Support Files/Pods-Sensorama/Pods-Sensorama-frameworks.sh\"\n";
			showEnvVarsInLog = 0;
		};
		E4BB00B2D5D5E5EE5AF7965E /* [CP] Check Pods Manifest.lock */ = {
			isa = PBXShellScriptBuildPhase;
			buildActionMask = 2147483647;
			files = (
			);
			inputPaths = (
			);
			name = "[CP] Check Pods Manifest.lock";
			outputPaths = (
			);
			runOnlyForDeploymentPostprocessing = 0;
			shellPath = /bin/sh;
			shellScript = "diff \"${PODS_ROOT}/../Podfile.lock\" \"${PODS_ROOT}/Manifest.lock\" > /dev/null\nif [ $? != 0 ] ; then\n    # print error to STDERR\n    echo \"error: The sandbox is not in sync with the Podfile.lock. Run 'pod install' or update your CocoaPods installation.\" >&2\n    exit 1\nfi\n";
			showEnvVarsInLog = 0;
		};
/* End PBXShellScriptBuildPhase section */

/* Begin PBXSourcesBuildPhase section */
		577DC8EF1C4CB0E700FA02B7 /* Sources */ = {
			isa = PBXSourcesBuildPhase;
			buildActionMask = 2147483647;
			files = (
				577A4B871CCC6F9200FA6E7D /* SRDataFile.m in Sources */,
				579FAB581C86B57400E06DF9 /* SettingsTableViewController.m in Sources */,
				5758699F1CF14F3D0015C791 /* SRDataFileExporterMailgun.m in Sources */,
				5700D5E01C85A35B009405AC /* SRUtils.m in Sources */,
				579FAB5E1C86F64F00E06DF9 /* SRUsageStats.m in Sources */,
				57EC5FF01C87F5CA00243893 /* SREngine.m in Sources */,
				577DC8FB1C4CB0E700FA02B7 /* AppDelegate.m in Sources */,
				579FAB611C86FAA700E06DF9 /* AboutViewController.m in Sources */,
				577A4B8A1CCC82EF00FA6E7D /* SRDataStore.m in Sources */,
				577DC8F81C4CB0E700FA02B7 /* main.m in Sources */,
				579FAB641C86FABC00E06DF9 /* PrivacyViewController.m in Sources */,
				577A4B801CCB5FCB00FA6E7D /* SRDataPoint.m in Sources */,
				57EC5FF31C88000C00243893 /* SRCfg.m in Sources */,
				577DBB7C1CFEC7920034C1EA /* WhisperBridge.swift in Sources */,
				5735A33A1C92B83D0076F979 /* SRDataFileExporterS3.m in Sources */,
				577366AC1CEECBC00044C4CC /* SRDataFileSerializeMPBZ2.m in Sources */,
				57ADDAFE1D8A745800CDD729 /* FilesDetailTableViewController.m in Sources */,
				5795E1C11CED9E5200E62599 /* SRDataFileSerializerJSONBZ2.m in Sources */,
				579F210F1D0415E5002E42F4 /* FrequencyViewController.m in Sources */,
				5700D5DD1C85A0C6009405AC /* RecordViewController.m in Sources */,
				579FAB551C86B56200E06DF9 /* FilesTableViewController.m in Sources */,
				577366AF1CEECD890044C4CC /* SRDataFileSerializeBSONBZ2.m in Sources */,
				57EC5FFD1C89650D00243893 /* SensoramaTabBarController.m in Sources */,
				579B6CE51CD3411E0011759B /* ActivityViewController.m in Sources */,
				577A2B821C9953BC00B2D890 /* SRAuth.m in Sources */,
			);
			runOnlyForDeploymentPostprocessing = 0;
		};
		577DC9081C4CB0E700FA02B7 /* Sources */ = {
			isa = PBXSourcesBuildPhase;
			buildActionMask = 2147483647;
			files = (
				577DC9111C4CB0E700FA02B7 /* SensoramaTests.m in Sources */,
				577A4B821CCC65FE00FA6E7D /* PodsTests.m in Sources */,
			);
			runOnlyForDeploymentPostprocessing = 0;
		};
		577DC9131C4CB0E700FA02B7 /* Sources */ = {
			isa = PBXSourcesBuildPhase;
			buildActionMask = 2147483647;
			files = (
				577DC91C1C4CB0E700FA02B7 /* SensoramaUITests.m in Sources */,
			);
			runOnlyForDeploymentPostprocessing = 0;
		};
		57DA1C7B1DA25246003E6DD2 /* Sources */ = {
			isa = PBXSourcesBuildPhase;
			buildActionMask = 2147483647;
			files = (
				57DA1C821DA25246003E6DD2 /* SensoramaScreenshots.swift in Sources */,
				57DA1C8A1DA2527C003E6DD2 /* SnapshotHelper.swift in Sources */,
			);
			runOnlyForDeploymentPostprocessing = 0;
		};
/* End PBXSourcesBuildPhase section */

/* Begin PBXTargetDependency section */
		577DC90E1C4CB0E700FA02B7 /* PBXTargetDependency */ = {
			isa = PBXTargetDependency;
			target = 577DC8F21C4CB0E700FA02B7 /* Sensorama */;
			targetProxy = 577DC90D1C4CB0E700FA02B7 /* PBXContainerItemProxy */;
		};
		577DC9191C4CB0E700FA02B7 /* PBXTargetDependency */ = {
			isa = PBXTargetDependency;
			target = 577DC8F21C4CB0E700FA02B7 /* Sensorama */;
			targetProxy = 577DC9181C4CB0E700FA02B7 /* PBXContainerItemProxy */;
		};
		57DA1C851DA25246003E6DD2 /* PBXTargetDependency */ = {
			isa = PBXTargetDependency;
			target = 577DC8F21C4CB0E700FA02B7 /* Sensorama */;
			targetProxy = 57DA1C841DA25246003E6DD2 /* PBXContainerItemProxy */;
		};
/* End PBXTargetDependency section */

/* Begin PBXVariantGroup section */
		577DC8FF1C4CB0E700FA02B7 /* Main.storyboard */ = {
			isa = PBXVariantGroup;
			children = (
				577DC9001C4CB0E700FA02B7 /* Base */,
			);
			name = Main.storyboard;
			sourceTree = "<group>";
		};
		577DC9041C4CB0E700FA02B7 /* LaunchScreen.storyboard */ = {
			isa = PBXVariantGroup;
			children = (
				577DC9051C4CB0E700FA02B7 /* Base */,
			);
			name = LaunchScreen.storyboard;
			sourceTree = "<group>";
		};
/* End PBXVariantGroup section */

/* Begin XCBuildConfiguration section */
		577DC91E1C4CB0E700FA02B7 /* Debug */ = {
			isa = XCBuildConfiguration;
			buildSettings = {
				ALWAYS_SEARCH_USER_PATHS = NO;
				CLANG_CXX_LANGUAGE_STANDARD = "gnu++0x";
				CLANG_CXX_LIBRARY = "libc++";
				CLANG_ENABLE_MODULES = YES;
				CLANG_ENABLE_OBJC_ARC = YES;
				CLANG_WARN_BOOL_CONVERSION = YES;
				CLANG_WARN_CONSTANT_CONVERSION = YES;
				CLANG_WARN_DIRECT_OBJC_ISA_USAGE = YES_ERROR;
				CLANG_WARN_EMPTY_BODY = YES;
				CLANG_WARN_ENUM_CONVERSION = YES;
				CLANG_WARN_INFINITE_RECURSION = YES;
				CLANG_WARN_INT_CONVERSION = YES;
				CLANG_WARN_OBJC_ROOT_CLASS = YES_ERROR;
				CLANG_WARN_SUSPICIOUS_MOVE = YES;
				CLANG_WARN_UNREACHABLE_CODE = YES;
				CLANG_WARN__DUPLICATE_METHOD_MATCH = YES;
				"CODE_SIGN_IDENTITY[sdk=iphoneos*]" = "iPhone Developer";
				COPY_PHASE_STRIP = NO;
				DEBUG_INFORMATION_FORMAT = "dwarf-with-dsym";
				ENABLE_STRICT_OBJC_MSGSEND = YES;
				ENABLE_TESTABILITY = YES;
				GCC_C_LANGUAGE_STANDARD = gnu99;
				GCC_DYNAMIC_NO_PIC = NO;
				GCC_NO_COMMON_BLOCKS = YES;
				GCC_OPTIMIZATION_LEVEL = 0;
				GCC_PREPROCESSOR_DEFINITIONS = (
					"DEBUG=1",
					"$(inherited)",
				);
				GCC_WARN_64_TO_32_BIT_CONVERSION = YES;
				GCC_WARN_ABOUT_RETURN_TYPE = YES_ERROR;
				GCC_WARN_UNDECLARED_SELECTOR = YES;
				GCC_WARN_UNINITIALIZED_AUTOS = YES_AGGRESSIVE;
				GCC_WARN_UNUSED_FUNCTION = YES;
				GCC_WARN_UNUSED_VARIABLE = YES;
				IPHONEOS_DEPLOYMENT_TARGET = 8.0;
				MTL_ENABLE_DEBUG_INFO = YES;
				ONLY_ACTIVE_ARCH = YES;
				SDKROOT = iphoneos;
				TARGETED_DEVICE_FAMILY = "1,2";
			};
			name = Debug;
		};
		577DC91F1C4CB0E700FA02B7 /* Release */ = {
			isa = XCBuildConfiguration;
			buildSettings = {
				ALWAYS_SEARCH_USER_PATHS = NO;
				CLANG_CXX_LANGUAGE_STANDARD = "gnu++0x";
				CLANG_CXX_LIBRARY = "libc++";
				CLANG_ENABLE_MODULES = YES;
				CLANG_ENABLE_OBJC_ARC = YES;
				CLANG_WARN_BOOL_CONVERSION = YES;
				CLANG_WARN_CONSTANT_CONVERSION = YES;
				CLANG_WARN_DIRECT_OBJC_ISA_USAGE = YES_ERROR;
				CLANG_WARN_EMPTY_BODY = YES;
				CLANG_WARN_ENUM_CONVERSION = YES;
				CLANG_WARN_INFINITE_RECURSION = YES;
				CLANG_WARN_INT_CONVERSION = YES;
				CLANG_WARN_OBJC_ROOT_CLASS = YES_ERROR;
				CLANG_WARN_SUSPICIOUS_MOVE = YES;
				CLANG_WARN_UNREACHABLE_CODE = YES;
				CLANG_WARN__DUPLICATE_METHOD_MATCH = YES;
				"CODE_SIGN_IDENTITY[sdk=iphoneos*]" = "iPhone Developer";
				COPY_PHASE_STRIP = NO;
				DEBUG_INFORMATION_FORMAT = "dwarf-with-dsym";
				ENABLE_NS_ASSERTIONS = NO;
				ENABLE_STRICT_OBJC_MSGSEND = YES;
				GCC_C_LANGUAGE_STANDARD = gnu99;
				GCC_NO_COMMON_BLOCKS = YES;
				GCC_WARN_64_TO_32_BIT_CONVERSION = YES;
				GCC_WARN_ABOUT_RETURN_TYPE = YES_ERROR;
				GCC_WARN_UNDECLARED_SELECTOR = YES;
				GCC_WARN_UNINITIALIZED_AUTOS = YES_AGGRESSIVE;
				GCC_WARN_UNUSED_FUNCTION = YES;
				GCC_WARN_UNUSED_VARIABLE = YES;
				IPHONEOS_DEPLOYMENT_TARGET = 8.0;
				MTL_ENABLE_DEBUG_INFO = NO;
				SDKROOT = iphoneos;
				SWIFT_OPTIMIZATION_LEVEL = "-Owholemodule";
				TARGETED_DEVICE_FAMILY = "1,2";
				VALIDATE_PRODUCT = YES;
			};
			name = Release;
		};
		577DC9211C4CB0E700FA02B7 /* Debug */ = {
			isa = XCBuildConfiguration;
			baseConfigurationReference = E857729FD961FCB0B912B8F6 /* Pods-Sensorama.debug.xcconfig */;
			buildSettings = {
				ALWAYS_EMBED_SWIFT_STANDARD_LIBRARIES = YES;
				ASSETCATALOG_COMPILER_APPICON_NAME = AppIcon;
				CLANG_ENABLE_MODULES = YES;
				CODE_SIGN_ENTITLEMENTS = Sensorama/Sensorama.entitlements;
				CODE_SIGN_IDENTITY = "iPhone Developer";
				CURRENT_PROJECT_VERSION = 118;
				INFOPLIST_FILE = Sensorama/Info.plist;
				IPHONEOS_DEPLOYMENT_TARGET = 8.0;
				LD_RUNPATH_SEARCH_PATHS = "$(inherited) @executable_path/Frameworks";
				PRODUCT_BUNDLE_IDENTIFIER = com.koszek.Sensorama.master;
				PRODUCT_NAME = "$(TARGET_NAME)";
				PROVISIONING_PROFILE = "$(sigh_com.koszek.Sensorama_development)";
				SWIFT_OBJC_BRIDGING_HEADER = "Sensorama/Sensorama-Bridging-Header.h";
				SWIFT_OPTIMIZATION_LEVEL = "-Onone";
				SWIFT_VERSION = 2.3;
				VERSIONING_SYSTEM = "apple-generic";
			};
			name = Debug;
		};
		577DC9221C4CB0E700FA02B7 /* Release */ = {
			isa = XCBuildConfiguration;
			baseConfigurationReference = 128680184B9E10D578F7036F /* Pods-Sensorama.release.xcconfig */;
			buildSettings = {
				ALWAYS_EMBED_SWIFT_STANDARD_LIBRARIES = YES;
				ASSETCATALOG_COMPILER_APPICON_NAME = AppIcon;
				CLANG_ENABLE_MODULES = YES;
				CODE_SIGN_ENTITLEMENTS = Sensorama/Sensorama.entitlements;
				CODE_SIGN_IDENTITY = "iPhone Developer";
				CURRENT_PROJECT_VERSION = 118;
				INFOPLIST_FILE = Sensorama/Info.plist;
				IPHONEOS_DEPLOYMENT_TARGET = 8.0;
				LD_RUNPATH_SEARCH_PATHS = "$(inherited) @executable_path/Frameworks";
				PRODUCT_BUNDLE_IDENTIFIER = com.koszek.Sensorama.master;
				PRODUCT_NAME = "$(TARGET_NAME)";
				PROVISIONING_PROFILE = "$(sigh_com.koszek.Sensorama_development)";
				SWIFT_OBJC_BRIDGING_HEADER = "Sensorama/Sensorama-Bridging-Header.h";
				SWIFT_VERSION = 2.3;
				VERSIONING_SYSTEM = "apple-generic";
			};
			name = Release;
		};
		577DC9241C4CB0E700FA02B7 /* Debug */ = {
			isa = XCBuildConfiguration;
			baseConfigurationReference = E1BDFEE3A90F35FFEA4112E0 /* Pods-SensoramaTests.debug.xcconfig */;
			buildSettings = {
				BUNDLE_LOADER = "$(TEST_HOST)";
				INFOPLIST_FILE = SensoramaTests/Info.plist;
				LD_RUNPATH_SEARCH_PATHS = "$(inherited) @executable_path/Frameworks @loader_path/Frameworks";
				PRODUCT_BUNDLE_IDENTIFIER = com.koszek.SensoramaTests;
				PRODUCT_NAME = "$(TARGET_NAME)";
				TEST_HOST = "$(BUILT_PRODUCTS_DIR)/Sensorama.app/Sensorama";
				VALID_ARCHS = "arm64 armv7 armv7s x86_64";
			};
			name = Debug;
		};
		577DC9251C4CB0E700FA02B7 /* Release */ = {
			isa = XCBuildConfiguration;
			baseConfigurationReference = 420EC43AAA7D2F2D5935820C /* Pods-SensoramaTests.release.xcconfig */;
			buildSettings = {
				BUNDLE_LOADER = "$(TEST_HOST)";
				INFOPLIST_FILE = SensoramaTests/Info.plist;
				LD_RUNPATH_SEARCH_PATHS = "$(inherited) @executable_path/Frameworks @loader_path/Frameworks";
				PRODUCT_BUNDLE_IDENTIFIER = com.koszek.SensoramaTests;
				PRODUCT_NAME = "$(TARGET_NAME)";
				TEST_HOST = "$(BUILT_PRODUCTS_DIR)/Sensorama.app/Sensorama";
				VALID_ARCHS = "arm64 armv7 armv7s x86_64";
			};
			name = Release;
		};
		577DC9271C4CB0E700FA02B7 /* Debug */ = {
			isa = XCBuildConfiguration;
			baseConfigurationReference = C022F9F21E99B640F0679FC0 /* Pods-SensoramaUITests.debug.xcconfig */;
			buildSettings = {
				INFOPLIST_FILE = SensoramaUITests/Info.plist;
				LD_RUNPATH_SEARCH_PATHS = "$(inherited) @executable_path/Frameworks @loader_path/Frameworks";
				PRODUCT_BUNDLE_IDENTIFIER = com.koszek.SensoramaUITests;
				PRODUCT_NAME = "$(TARGET_NAME)";
				TEST_TARGET_NAME = Sensorama;
				USES_XCTRUNNER = YES;
			};
			name = Debug;
		};
		577DC9281C4CB0E700FA02B7 /* Release */ = {
			isa = XCBuildConfiguration;
			baseConfigurationReference = 6398FE9F54D5D2E732BED5AE /* Pods-SensoramaUITests.release.xcconfig */;
			buildSettings = {
				INFOPLIST_FILE = SensoramaUITests/Info.plist;
				LD_RUNPATH_SEARCH_PATHS = "$(inherited) @executable_path/Frameworks @loader_path/Frameworks";
				PRODUCT_BUNDLE_IDENTIFIER = com.koszek.SensoramaUITests;
				PRODUCT_NAME = "$(TARGET_NAME)";
				TEST_TARGET_NAME = Sensorama;
				USES_XCTRUNNER = YES;
			};
			name = Release;
		};
		57DA1C861DA25246003E6DD2 /* Debug */ = {
			isa = XCBuildConfiguration;
			buildSettings = {
				CLANG_ANALYZER_NONNULL = YES;
				CLANG_WARN_DOCUMENTATION_COMMENTS = YES;
				CLANG_WARN_SUSPICIOUS_MOVES = YES;
				DEBUG_INFORMATION_FORMAT = dwarf;
				INFOPLIST_FILE = SensoramaScreenshots/Info.plist;
				IPHONEOS_DEPLOYMENT_TARGET = 10.0;
				LD_RUNPATH_SEARCH_PATHS = "$(inherited) @executable_path/Frameworks @loader_path/Frameworks";
				PRODUCT_BUNDLE_IDENTIFIER = com.koszek.sensorama.SensoramaScreenshots;
				PRODUCT_NAME = "$(TARGET_NAME)";
				SWIFT_ACTIVE_COMPILATION_CONDITIONS = DEBUG;
				SWIFT_OPTIMIZATION_LEVEL = "-Onone";
				SWIFT_VERSION = 3.0;
				TEST_TARGET_NAME = Sensorama;
			};
			name = Debug;
		};
		57DA1C871DA25246003E6DD2 /* Release */ = {
			isa = XCBuildConfiguration;
			buildSettings = {
				CLANG_ANALYZER_NONNULL = YES;
				CLANG_WARN_DOCUMENTATION_COMMENTS = YES;
				CLANG_WARN_SUSPICIOUS_MOVES = YES;
				INFOPLIST_FILE = SensoramaScreenshots/Info.plist;
				IPHONEOS_DEPLOYMENT_TARGET = 10.0;
				LD_RUNPATH_SEARCH_PATHS = "$(inherited) @executable_path/Frameworks @loader_path/Frameworks";
				PRODUCT_BUNDLE_IDENTIFIER = com.koszek.sensorama.SensoramaScreenshots;
				PRODUCT_NAME = "$(TARGET_NAME)";
				SWIFT_VERSION = 3.0;
				TEST_TARGET_NAME = Sensorama;
			};
			name = Release;
		};
/* End XCBuildConfiguration section */

/* Begin XCConfigurationList section */
		577DC8EE1C4CB0E600FA02B7 /* Build configuration list for PBXProject "Sensorama" */ = {
			isa = XCConfigurationList;
			buildConfigurations = (
				577DC91E1C4CB0E700FA02B7 /* Debug */,
				577DC91F1C4CB0E700FA02B7 /* Release */,
			);
			defaultConfigurationIsVisible = 0;
			defaultConfigurationName = Release;
		};
		577DC9201C4CB0E700FA02B7 /* Build configuration list for PBXNativeTarget "Sensorama" */ = {
			isa = XCConfigurationList;
			buildConfigurations = (
				577DC9211C4CB0E700FA02B7 /* Debug */,
				577DC9221C4CB0E700FA02B7 /* Release */,
			);
			defaultConfigurationIsVisible = 0;
			defaultConfigurationName = Release;
		};
		577DC9231C4CB0E700FA02B7 /* Build configuration list for PBXNativeTarget "SensoramaTests" */ = {
			isa = XCConfigurationList;
			buildConfigurations = (
				577DC9241C4CB0E700FA02B7 /* Debug */,
				577DC9251C4CB0E700FA02B7 /* Release */,
			);
			defaultConfigurationIsVisible = 0;
			defaultConfigurationName = Release;
		};
		577DC9261C4CB0E700FA02B7 /* Build configuration list for PBXNativeTarget "SensoramaUITests" */ = {
			isa = XCConfigurationList;
			buildConfigurations = (
				577DC9271C4CB0E700FA02B7 /* Debug */,
				577DC9281C4CB0E700FA02B7 /* Release */,
			);
			defaultConfigurationIsVisible = 0;
			defaultConfigurationName = Release;
		};
		57DA1C881DA25246003E6DD2 /* Build configuration list for PBXNativeTarget "SensoramaScreenshots" */ = {
			isa = XCConfigurationList;
			buildConfigurations = (
				57DA1C861DA25246003E6DD2 /* Debug */,
				57DA1C871DA25246003E6DD2 /* Release */,
			);
			defaultConfigurationIsVisible = 0;
			defaultConfigurationName = Release;
		};
/* End XCConfigurationList section */
	};
	rootObject = 577DC8EB1C4CB0E600FA02B7 /* Project object */;
}
